// !$*UTF8*$!
{
	archiveVersion = 1;
	classes = {
	};
	objectVersion = 77;
	objects = {

/* Begin PBXBuildFile section */
		0F86F85CB70FE1D5DE2D6107 /* NetworkMonitor.swift in Sources */ = {isa = PBXBuildFile; fileRef = 8696A4F8C5986B630C7F892A /* NetworkMonitor.swift */; };
		20DD0C26C2CC1DDF851FC9C5 /* InputBar.swift in Sources */ = {isa = PBXBuildFile; fileRef = 364BDE297DE26C66C470A068 /* InputBar.swift */; };
		2570489A3F30784AD8321C19 /* SessionsSidebar.swift in Sources */ = {isa = PBXBuildFile; fileRef = C488D9DD0B40EE8B83FDD834 /* SessionsSidebar.swift */; };
		3B644E6CB2577368AABACBCE /* AppReveal in Frameworks */ = {isa = PBXBuildFile; productRef = 741A8C19F9456C6742A091EA /* AppReveal */; };
		4545B5A4F9DAFD4CF2386389 /* Assets.xcassets in Resources */ = {isa = PBXBuildFile; fileRef = 599170604A1C6B792EA92FA2 /* Assets.xcassets */; };
		76B93C2CC55107D70A5837A7 /* Models.swift in Sources */ = {isa = PBXBuildFile; fileRef = 048393CF5001FF96E2137698 /* Models.swift */; };
		79A893E35E8FA2C1E93BFDF4 /* HelperClient.swift in Sources */ = {isa = PBXBuildFile; fileRef = 4C91D55E7E927AA25515E4BB /* HelperClient.swift */; };
		B3C4CA718F65E0DD01DD98AE /* HotwordDetector.swift in Sources */ = {isa = PBXBuildFile; fileRef = 56917EEC231746BACE9EC29A /* HotwordDetector.swift */; };
		C2A6D175432069C997303182 /* ChatView.swift in Sources */ = {isa = PBXBuildFile; fileRef = C011C58210C3D51B2ACE1DA6 /* ChatView.swift */; };
		C8DBEF9B834C9258F95ABB0E /* App.swift in Sources */ = {isa = PBXBuildFile; fileRef = 158F012C520BCBA790BF3D50 /* App.swift */; };
		DD0D165F8688A9C962F84CAF /* ContentView.swift in Sources */ = {isa = PBXBuildFile; fileRef = BC37ABAF29ADA676232A9377 /* ContentView.swift */; };
		DFBA297598C3330E25C25092 /* StatusBar.swift in Sources */ = {isa = PBXBuildFile; fileRef = F0B4F53AFFE889EA6C2BF322 /* StatusBar.swift */; };
		EDD81F009708EFA055C2E3D6 /* VoiceModeView.swift in Sources */ = {isa = PBXBuildFile; fileRef = 7A2D34A3F51661609C5CD5E1 /* VoiceModeView.swift */; };
		EE0FAA9240DC257287DCE58B /* VoiceManager.swift in Sources */ = {isa = PBXBuildFile; fileRef = E3B498259AC9C22E147BE42B /* VoiceManager.swift */; };
		F1EE884946CDE3B600AF668C /* StatusPanel.swift in Sources */ = {isa = PBXBuildFile; fileRef = D310D60F3598BF07E845DAF4 /* StatusPanel.swift */; };
/* End PBXBuildFile section */

/* Begin PBXFileReference section */
		048393CF5001FF96E2137698 /* Models.swift */ = {isa = PBXFileReference; lastKnownFileType = sourcecode.swift; path = Models.swift; sourceTree = "<group>"; };
		158F012C520BCBA790BF3D50 /* App.swift */ = {isa = PBXFileReference; lastKnownFileType = sourcecode.swift; path = App.swift; sourceTree = "<group>"; };
		28A96C083BA7787E80EE340F /* Helper.entitlements */ = {isa = PBXFileReference; lastKnownFileType = text.plist.entitlements; path = Helper.entitlements; sourceTree = "<group>"; };
		364BDE297DE26C66C470A068 /* InputBar.swift */ = {isa = PBXFileReference; lastKnownFileType = sourcecode.swift; path = InputBar.swift; sourceTree = "<group>"; };
		4C91D55E7E927AA25515E4BB /* HelperClient.swift */ = {isa = PBXFileReference; lastKnownFileType = sourcecode.swift; path = HelperClient.swift; sourceTree = "<group>"; };
		56917EEC231746BACE9EC29A /* HotwordDetector.swift */ = {isa = PBXFileReference; lastKnownFileType = sourcecode.swift; path = HotwordDetector.swift; sourceTree = "<group>"; };
		599170604A1C6B792EA92FA2 /* Assets.xcassets */ = {isa = PBXFileReference; lastKnownFileType = folder.assetcatalog; path = Assets.xcassets; sourceTree = "<group>"; };
		7A2D34A3F51661609C5CD5E1 /* VoiceModeView.swift */ = {isa = PBXFileReference; lastKnownFileType = sourcecode.swift; path = VoiceModeView.swift; sourceTree = "<group>"; };
		7C727C7C98CB845FD7D2635F /* Helper.app */ = {isa = PBXFileReference; explicitFileType = wrapper.application; includeInIndex = 0; path = Helper.app; sourceTree = BUILT_PRODUCTS_DIR; };
		8696A4F8C5986B630C7F892A /* NetworkMonitor.swift */ = {isa = PBXFileReference; lastKnownFileType = sourcecode.swift; path = NetworkMonitor.swift; sourceTree = "<group>"; };
		BC37ABAF29ADA676232A9377 /* ContentView.swift */ = {isa = PBXFileReference; lastKnownFileType = sourcecode.swift; path = ContentView.swift; sourceTree = "<group>"; };
		C011C58210C3D51B2ACE1DA6 /* ChatView.swift */ = {isa = PBXFileReference; lastKnownFileType = sourcecode.swift; path = ChatView.swift; sourceTree = "<group>"; };
		C488D9DD0B40EE8B83FDD834 /* SessionsSidebar.swift */ = {isa = PBXFileReference; lastKnownFileType = sourcecode.swift; path = SessionsSidebar.swift; sourceTree = "<group>"; };
		CB415DCA00A53E7015039432 /* Info.plist */ = {isa = PBXFileReference; lastKnownFileType = text.plist; path = Info.plist; sourceTree = "<group>"; };
		D310D60F3598BF07E845DAF4 /* StatusPanel.swift */ = {isa = PBXFileReference; lastKnownFileType = sourcecode.swift; path = StatusPanel.swift; sourceTree = "<group>"; };
		E3B498259AC9C22E147BE42B /* VoiceManager.swift */ = {isa = PBXFileReference; lastKnownFileType = sourcecode.swift; path = VoiceManager.swift; sourceTree = "<group>"; };
		F0B4F53AFFE889EA6C2BF322 /* StatusBar.swift */ = {isa = PBXFileReference; lastKnownFileType = sourcecode.swift; path = StatusBar.swift; sourceTree = "<group>"; };
/* End PBXFileReference section */

/* Begin PBXFrameworksBuildPhase section */
		8E28FB288FD4D5A3BA1D729A /* Frameworks */ = {
			isa = PBXFrameworksBuildPhase;
			buildActionMask = 2147483647;
			files = (
				3B644E6CB2577368AABACBCE /* AppReveal in Frameworks */,
			);
			runOnlyForDeploymentPostprocessing = 0;
		};
/* End PBXFrameworksBuildPhase section */

/* Begin PBXGroup section */
		1B94BC86F06B6FE5EA222379 /* Helper */ = {
			isa = PBXGroup;
			children = (
				158F012C520BCBA790BF3D50 /* App.swift */,
				599170604A1C6B792EA92FA2 /* Assets.xcassets */,
				C011C58210C3D51B2ACE1DA6 /* ChatView.swift */,
				BC37ABAF29ADA676232A9377 /* ContentView.swift */,
				28A96C083BA7787E80EE340F /* Helper.entitlements */,
				4C91D55E7E927AA25515E4BB /* HelperClient.swift */,
				56917EEC231746BACE9EC29A /* HotwordDetector.swift */,
				CB415DCA00A53E7015039432 /* Info.plist */,
				364BDE297DE26C66C470A068 /* InputBar.swift */,
				048393CF5001FF96E2137698 /* Models.swift */,
				8696A4F8C5986B630C7F892A /* NetworkMonitor.swift */,
				C488D9DD0B40EE8B83FDD834 /* SessionsSidebar.swift */,
				F0B4F53AFFE889EA6C2BF322 /* StatusBar.swift */,
				D310D60F3598BF07E845DAF4 /* StatusPanel.swift */,
				E3B498259AC9C22E147BE42B /* VoiceManager.swift */,
				7A2D34A3F51661609C5CD5E1 /* VoiceModeView.swift */,
			);
			path = Helper;
			sourceTree = "<group>";
		};
		9FE5B9D11F73537A47D2574E = {
			isa = PBXGroup;
			children = (
				1B94BC86F06B6FE5EA222379 /* Helper */,
				A3358CD42516EB5BFC2A23C8 /* Products */,
			);
			sourceTree = "<group>";
		};
		A3358CD42516EB5BFC2A23C8 /* Products */ = {
			isa = PBXGroup;
			children = (
				7C727C7C98CB845FD7D2635F /* Helper.app */,
			);
			name = Products;
			sourceTree = "<group>";
		};
/* End PBXGroup section */

/* Begin PBXNativeTarget section */
		26D1E008690898181A623F9C /* Helper */ = {
			isa = PBXNativeTarget;
			buildConfigurationList = C1545976C9469A3988423E68 /* Build configuration list for PBXNativeTarget "Helper" */;
			buildPhases = (
				A793B5E2B0E7243150184A77 /* Sources */,
				F470ABF78CB1EB036309052F /* Resources */,
				8E28FB288FD4D5A3BA1D729A /* Frameworks */,
			);
			buildRules = (
			);
			dependencies = (
			);
			name = Helper;
			packageProductDependencies = (
				741A8C19F9456C6742A091EA /* AppReveal */,
			);
			productName = Helper;
			productReference = 7C727C7C98CB845FD7D2635F /* Helper.app */;
			productType = "com.apple.product-type.application";
		};
/* End PBXNativeTarget section */

/* Begin PBXProject section */
		443D189FC5675E86ECF4B828 /* Project object */ = {
			isa = PBXProject;
			attributes = {
				BuildIndependentTargetsInParallel = YES;
				LastUpgradeCheck = 1430;
				TargetAttributes = {
				};
			};
			buildConfigurationList = 530A47EB7995DA2D1B22055D /* Build configuration list for PBXProject "Helper" */;
			developmentRegion = en;
			hasScannedForEncodings = 0;
			knownRegions = (
				Base,
				en,
			);
			mainGroup = 9FE5B9D11F73537A47D2574E;
			minimizedProjectReferenceProxies = 1;
			packageReferences = (
				FE13498B3DAAF0A86BCC97C0 /* XCRemoteSwiftPackageReference "AppReveal" */,
			);
			preferredProjectObjectVersion = 77;
			productRefGroup = A3358CD42516EB5BFC2A23C8 /* Products */;
			projectDirPath = "";
			projectRoot = "";
			targets = (
				26D1E008690898181A623F9C /* Helper */,
			);
		};
/* End PBXProject section */

/* Begin PBXResourcesBuildPhase section */
		F470ABF78CB1EB036309052F /* Resources */ = {
			isa = PBXResourcesBuildPhase;
			buildActionMask = 2147483647;
			files = (
				4545B5A4F9DAFD4CF2386389 /* Assets.xcassets in Resources */,
			);
			runOnlyForDeploymentPostprocessing = 0;
		};
/* End PBXResourcesBuildPhase section */

/* Begin PBXSourcesBuildPhase section */
		A793B5E2B0E7243150184A77 /* Sources */ = {
			isa = PBXSourcesBuildPhase;
			buildActionMask = 2147483647;
			files = (
				C8DBEF9B834C9258F95ABB0E /* App.swift in Sources */,
				C2A6D175432069C997303182 /* ChatView.swift in Sources */,
				DD0D165F8688A9C962F84CAF /* ContentView.swift in Sources */,
				79A893E35E8FA2C1E93BFDF4 /* HelperClient.swift in Sources */,
				B3C4CA718F65E0DD01DD98AE /* HotwordDetector.swift in Sources */,
				20DD0C26C2CC1DDF851FC9C5 /* InputBar.swift in Sources */,
				76B93C2CC55107D70A5837A7 /* Models.swift in Sources */,
				0F86F85CB70FE1D5DE2D6107 /* NetworkMonitor.swift in Sources */,
				2570489A3F30784AD8321C19 /* SessionsSidebar.swift in Sources */,
				DFBA297598C3330E25C25092 /* StatusBar.swift in Sources */,
				F1EE884946CDE3B600AF668C /* StatusPanel.swift in Sources */,
				EE0FAA9240DC257287DCE58B /* VoiceManager.swift in Sources */,
				EDD81F009708EFA055C2E3D6 /* VoiceModeView.swift in Sources */,
			);
			runOnlyForDeploymentPostprocessing = 0;
		};
/* End PBXSourcesBuildPhase section */

/* Begin XCBuildConfiguration section */
		4463221BA299C6CFE2BAB371 /* Release */ = {
			isa = XCBuildConfiguration;
			buildSettings = {
				ASSETCATALOG_COMPILER_APPICON_NAME = AppIcon;
				CODE_SIGN_ENTITLEMENTS = Helper/Helper.entitlements;
				COMBINE_HIDPI_IMAGES = YES;
				ENABLE_HARDENED_RUNTIME = YES;
				GENERATE_INFOPLIST_FILE = NO;
				INFOPLIST_FILE = Helper/Info.plist;
				LD_RUNPATH_SEARCH_PATHS = (
					"$(inherited)",
					"@executable_path/../Frameworks",
				);
				PRODUCT_BUNDLE_IDENTIFIER = com.helper.Agent;
				SDKROOT = macosx;
			};
			name = Release;
		};
		63BA2B8EBD0D4345E4068D12 /* Debug */ = {
			isa = XCBuildConfiguration;
			buildSettings = {
				ALWAYS_SEARCH_USER_PATHS = NO;
				CLANG_ANALYZER_NONNULL = YES;
				CLANG_ANALYZER_NUMBER_OBJECT_CONVERSION = YES_AGGRESSIVE;
				CLANG_CXX_LANGUAGE_STANDARD = "gnu++14";
				CLANG_CXX_LIBRARY = "libc++";
				CLANG_ENABLE_MODULES = YES;
				CLANG_ENABLE_OBJC_ARC = YES;
				CLANG_ENABLE_OBJC_WEAK = YES;
				CLANG_WARN_BLOCK_CAPTURE_AUTORELEASING = YES;
				CLANG_WARN_BOOL_CONVERSION = YES;
				CLANG_WARN_COMMA = YES;
				CLANG_WARN_CONSTANT_CONVERSION = YES;
				CLANG_WARN_DEPRECATED_OBJC_IMPLEMENTATIONS = YES;
				CLANG_WARN_DIRECT_OBJC_ISA_USAGE = YES_ERROR;
				CLANG_WARN_DOCUMENTATION_COMMENTS = YES;
				CLANG_WARN_EMPTY_BODY = YES;
				CLANG_WARN_ENUM_CONVERSION = YES;
				CLANG_WARN_INFINITE_RECURSION = YES;
				CLANG_WARN_INT_CONVERSION = YES;
				CLANG_WARN_NON_LITERAL_NULL_CONVERSION = YES;
				CLANG_WARN_OBJC_IMPLICIT_RETAIN_SELF = YES;
				CLANG_WARN_OBJC_LITERAL_CONVERSION = YES;
				CLANG_WARN_OBJC_ROOT_CLASS = YES_ERROR;
				CLANG_WARN_QUOTED_INCLUDE_IN_FRAMEWORK_HEADER = YES;
				CLANG_WARN_RANGE_LOOP_ANALYSIS = YES;
				CLANG_WARN_STRICT_PROTOTYPES = YES;
				CLANG_WARN_SUSPICIOUS_MOVE = YES;
				CLANG_WARN_UNGUARDED_AVAILABILITY = YES_AGGRESSIVE;
				CLANG_WARN_UNREACHABLE_CODE = YES;
				CLANG_WARN__DUPLICATE_METHOD_MATCH = YES;
				COPY_PHASE_STRIP = NO;
				DEBUG_INFORMATION_FORMAT = dwarf;
				ENABLE_STRICT_OBJC_MSGSEND = YES;
				ENABLE_TESTABILITY = YES;
				GCC_C_LANGUAGE_STANDARD = gnu11;
				GCC_DYNAMIC_NO_PIC = NO;
				GCC_NO_COMMON_BLOCKS = YES;
				GCC_OPTIMIZATION_LEVEL = 0;
				GCC_PREPROCESSOR_DEFINITIONS = (
					"$(inherited)",
					"DEBUG=1",
				);
				GCC_WARN_64_TO_32_BIT_CONVERSION = YES;
				GCC_WARN_ABOUT_RETURN_TYPE = YES_ERROR;
				GCC_WARN_UNDECLARED_SELECTOR = YES;
				GCC_WARN_UNINITIALIZED_AUTOS = YES_AGGRESSIVE;
				GCC_WARN_UNUSED_FUNCTION = YES;
				GCC_WARN_UNUSED_VARIABLE = YES;
				MACOSX_DEPLOYMENT_TARGET = 14.0;
				MTL_ENABLE_DEBUG_INFO = INCLUDE_SOURCE;
				MTL_FAST_MATH = YES;
				ONLY_ACTIVE_ARCH = YES;
				PRODUCT_NAME = "$(TARGET_NAME)";
				SDKROOT = macosx;
				SWIFT_ACTIVE_COMPILATION_CONDITIONS = DEBUG;
				SWIFT_OPTIMIZATION_LEVEL = "-Onone";
				SWIFT_VERSION = 5.0;
			};
			name = Debug;
		};
		8FA7286FB0618701F078D924 /* Release */ = {
			isa = XCBuildConfiguration;
			buildSettings = {
				ALWAYS_SEARCH_USER_PATHS = NO;
				CLANG_ANALYZER_NONNULL = YES;
				CLANG_ANALYZER_NUMBER_OBJECT_CONVERSION = YES_AGGRESSIVE;
				CLANG_CXX_LANGUAGE_STANDARD = "gnu++14";
				CLANG_CXX_LIBRARY = "libc++";
				CLANG_ENABLE_MODULES = YES;
				CLANG_ENABLE_OBJC_ARC = YES;
				CLANG_ENABLE_OBJC_WEAK = YES;
				CLANG_WARN_BLOCK_CAPTURE_AUTORELEASING = YES;
				CLANG_WARN_BOOL_CONVERSION = YES;
				CLANG_WARN_COMMA = YES;
				CLANG_WARN_CONSTANT_CONVERSION = YES;
				CLANG_WARN_DEPRECATED_OBJC_IMPLEMENTATIONS = YES;
				CLANG_WARN_DIRECT_OBJC_ISA_USAGE = YES_ERROR;
				CLANG_WARN_DOCUMENTATION_COMMENTS = YES;
				CLANG_WARN_EMPTY_BODY = YES;
				CLANG_WARN_ENUM_CONVERSION = YES;
				CLANG_WARN_INFINITE_RECURSION = YES;
				CLANG_WARN_INT_CONVERSION = YES;
				CLANG_WARN_NON_LITERAL_NULL_CONVERSION = YES;
				CLANG_WARN_OBJC_IMPLICIT_RETAIN_SELF = YES;
				CLANG_WARN_OBJC_LITERAL_CONVERSION = YES;
				CLANG_WARN_OBJC_ROOT_CLASS = YES_ERROR;
				CLANG_WARN_QUOTED_INCLUDE_IN_FRAMEWORK_HEADER = YES;
				CLANG_WARN_RANGE_LOOP_ANALYSIS = YES;
				CLANG_WARN_STRICT_PROTOTYPES = YES;
				CLANG_WARN_SUSPICIOUS_MOVE = YES;
				CLANG_WARN_UNGUARDED_AVAILABILITY = YES_AGGRESSIVE;
				CLANG_WARN_UNREACHABLE_CODE = YES;
				CLANG_WARN__DUPLICATE_METHOD_MATCH = YES;
				COPY_PHASE_STRIP = NO;
				DEBUG_INFORMATION_FORMAT = "dwarf-with-dsym";
				ENABLE_NS_ASSERTIONS = NO;
				ENABLE_STRICT_OBJC_MSGSEND = YES;
				GCC_C_LANGUAGE_STANDARD = gnu11;
				GCC_NO_COMMON_BLOCKS = YES;
				GCC_WARN_64_TO_32_BIT_CONVERSION = YES;
				GCC_WARN_ABOUT_RETURN_TYPE = YES_ERROR;
				GCC_WARN_UNDECLARED_SELECTOR = YES;
				GCC_WARN_UNINITIALIZED_AUTOS = YES_AGGRESSIVE;
				GCC_WARN_UNUSED_FUNCTION = YES;
				GCC_WARN_UNUSED_VARIABLE = YES;
				MACOSX_DEPLOYMENT_TARGET = 14.0;
				MTL_ENABLE_DEBUG_INFO = NO;
				MTL_FAST_MATH = YES;
				PRODUCT_NAME = "$(TARGET_NAME)";
				SDKROOT = macosx;
				SWIFT_COMPILATION_MODE = wholemodule;
				SWIFT_OPTIMIZATION_LEVEL = "-O";
				SWIFT_VERSION = 5.0;
			};
			name = Release;
		};
		B8B088568BA54CA11F65ECEF /* Debug */ = {
			isa = XCBuildConfiguration;
			buildSettings = {
				ASSETCATALOG_COMPILER_APPICON_NAME = AppIcon;
				CODE_SIGN_ENTITLEMENTS = Helper/Helper.entitlements;
				COMBINE_HIDPI_IMAGES = YES;
				ENABLE_HARDENED_RUNTIME = YES;
				GENERATE_INFOPLIST_FILE = NO;
				INFOPLIST_FILE = Helper/Info.plist;
				LD_RUNPATH_SEARCH_PATHS = (
					"$(inherited)",
					"@executable_path/../Frameworks",
				);
				PRODUCT_BUNDLE_IDENTIFIER = com.helper.Agent;
				SDKROOT = macosx;
			};
			name = Debug;
		};
/* End XCBuildConfiguration section */

/* Begin XCConfigurationList section */
		530A47EB7995DA2D1B22055D /* Build configuration list for PBXProject "Helper" */ = {
			isa = XCConfigurationList;
			buildConfigurations = (
				63BA2B8EBD0D4345E4068D12 /* Debug */,
				8FA7286FB0618701F078D924 /* Release */,
			);
			defaultConfigurationIsVisible = 0;
			defaultConfigurationName = Debug;
		};
		C1545976C9469A3988423E68 /* Build configuration list for PBXNativeTarget "Helper" */ = {
			isa = XCConfigurationList;
			buildConfigurations = (
				B8B088568BA54CA11F65ECEF /* Debug */,
				4463221BA299C6CFE2BAB371 /* Release */,
			);
			defaultConfigurationIsVisible = 0;
			defaultConfigurationName = Debug;
		};
/* End XCConfigurationList section */

/* Begin XCRemoteSwiftPackageReference section */
		FE13498B3DAAF0A86BCC97C0 /* XCRemoteSwiftPackageReference "AppReveal" */ = {
			isa = XCRemoteSwiftPackageReference;
			repositoryURL = "https://github.com/UnlikeOtherAI/AppReveal.git";
			requirement = {
				kind = exactVersion;
				version = 0.8.0;
			};
		};
/* End XCRemoteSwiftPackageReference section */

/* Begin XCSwiftPackageProductDependency section */
		741A8C19F9456C6742A091EA /* AppReveal */ = {
			isa = XCSwiftPackageProductDependency;
			package = FE13498B3DAAF0A86BCC97C0 /* XCRemoteSwiftPackageReference "AppReveal" */;
			productName = AppReveal;
		};
/* End XCSwiftPackageProductDependency section */
	};
	rootObject = 443D189FC5675E86ECF4B828 /* Project object */;
}
